github.com/coder/websocket v1.8.13 h1:f3QZdXy7uGVz+4uCJy2nTZyM0yTBj8yANEHhqlXZ9FE=
github.com/coder/websocket v1.8.13/go.mod h1:LNVeNrXQZfe5qhS9ALED3uA+l5pPqvwXg3CKoDBB2gs=
github.com/linkdata/deadlock v0.5.3 h1:PZWV5rZo3x+kARk6GIGLAanKMpzjQXWW1wEXaLKZU8E=
github.com/linkdata/deadlock v0.5.3/go.mod h1:M3Td2tmYASdLm6xblKGlFvfu8SI+nPjrB7mDeFDEz/k=
github.com/linkdata/jq v0.0.0-20250813073044-d1cd8d5cdb5f h1:ZMlzi8geB2DkJvJ+qiNFvPgUpIu0v7ORO/RXlrPJBYM=
github.com/linkdata/jq v0.0.0-20250813073044-d1cd8d5cdb5f/go.mod h1:b76MMuWybyXrVEKSHJkv+r5IEattnghPf1bNRJ5PNlE=
github.com/linkdata/jq v0.0.0-20250814075438-918f10045590 h1:JQpIiKR+kuB9DPjaJtUPHwpHZcym22jcic0J2ilQPE0=
github.com/linkdata/jq v0.0.0-20250814075438-918f10045590/go.mod h1:b76MMuWybyXrVEKSHJkv+r5IEattnghPf1bNRJ5PNlE=
github.com/petermattis/goid v0.0.0-20240813172612-4fcff4a6cae7 h1:Dx7Ovyv/SFnMFw3fD4oEoeorXc6saIiQ23LrGLth0Gw=
github.com/petermattis/goid v0.0.0-20240813172612-4fcff4a6cae7/go.mod h1:pxMtw7cyUw6B2bRH0ZBANSPg+AoSud1I1iyJHI69jH4=
