github.com/coder/websocket v1.8.14 h1:9L0p0iKiNOibykf283eHkKUHHrpG7f65OE3BhhO7v9g=
github.com/coder/websocket v1.8.14/go.mod h1:NX3SzP+inril6yawo5CQXx8+fk145lPDC6pumgx0mVg=
github.com/linkdata/deadlock v0.5.5 h1:d6O+rzEqasSfamGDA8u7bjtaq7hOX8Ha4Zn36Wxrkvo=
github.com/linkdata/deadlock v0.5.5/go.mod h1:tXb28stzAD3trzEEK0UJWC+rZKuobCoPktPYzebb1u0=
github.com/linkdata/jq v0.0.2 h1:soi7rqpPYer/g2kh+qjy3eDsSqH5WmRR++ez1z0S2pY=
github.com/linkdata/jq v0.0.2/go.mod h1:b76MMuWybyXrVEKSHJkv+r5IEattnghPf1bNRJ5PNlE=
github.com/petermattis/goid v0.0.0-20250813065127-a731cc31b4fe h1:vHpqOnPlnkba8iSxU4j/CvDSS9J4+F4473esQsYLGoE=
github.com/petermattis/goid v0.0.0-20250813065127-a731cc31b4fe/go.mod h1:pxMtw7cyUw6B2bRH0ZBANSPg+AoSud1I1iyJHI69jH4=
github.com/petermattis/goid v0.0.0-20260113132338-7c7de50cc741 h1:KPpdlQLZcHfTMQRi6bFQ7ogNO0ltFT4PmtwTLW4W+14=
github.com/petermattis/goid v0.0.0-20260113132338-7c7de50cc741/go.mod h1:pxMtw7cyUw6B2bRH0ZBANSPg+AoSud1I1iyJHI69jH4=
