github.com/linkdata/deadlock v0.4.0 h1:OM4Vqn5LinkHiCy9IqcA5aJ7zKU1kv5XhC7kiW4Lckc=
github.com/linkdata/deadlock v0.4.0/go.mod h1:MvI1hZGGcTghOKTcL6lATkgXkVVIOwHZ62l1Y0xprUI=
github.com/petermattis/goid v0.0.0-20230317030725-371a4b8eda08/go.mod h1:pxMtw7cyUw6B2bRH0ZBANSPg+AoSud1I1iyJHI69jH4=
github.com/petermattis/goid v0.0.0-20231207134359-e60b3f734c67 h1:jik8PHtAIsPlCRJjJzl4udgEf7hawInF9texMeO2jrU=
github.com/petermattis/goid v0.0.0-20231207134359-e60b3f734c67/go.mod h1:pxMtw7cyUw6B2bRH0ZBANSPg+AoSud1I1iyJHI69jH4=
nhooyr.io/websocket v1.8.10 h1:mv4p+MnGrLDcPlBoWsvPP7XCzTYMXP9F9eIGoKbgx7Q=
nhooyr.io/websocket v1.8.10/go.mod h1:rN9OFWIUwuxg4fR5tELlYC04bXYowCP9GX47ivo2l+c=
